
Microsoft Visual Studio Solution File, Format Version 12.00
# Visual Studio Version 17
VisualStudioVersion = 17.2.32519.379
MinimumVisualStudioVersion = 10.0.40219.1
Project("{FAE04EC0-301F-11D3-BF4B-00C04F79EFBC}") = "MyCoreApp", "MyCoreApp\MyCoreApp.csproj", "{0C32DD23-84D6-490B-80B2-D8C76E9F335D}"
EndProject
Global
	GlobalSection(SolutionConfigurationPlatforms) = preSolution
		Debug|Any CPU = Debug|Any CPU
		Release|Any CPU = Release|Any CPU
	EndGlobalSection
	GlobalSection(ProjectConfigurationPlatforms) = postSolution
		{0C32DD23-84D6-490B-80B2-D8C76E9F335D}.Debug|Any CPU.ActiveCfg = Debug|Any CPU
		{0C32DD23-84D6-490B-80B2-D8C76E9F335D}.Debug|Any CPU.Build.0 = Debug|Any CPU
		{0C32DD23-84D6-490B-80B2-D8C76E9F335D}.Release|Any CPU.ActiveCfg = Release|Any CPU
		{0C32DD23-84D6-490B-80B2-D8C76E9F335D}.Release|Any CPU.Build.0 = Release|Any CPU
	EndGlobalSection
	GlobalSection(SolutionProperties) = preSolution
		HideSolutionNode = FALSE
	EndGlobalSection
	GlobalSection(ExtensibilityGlobals) = postSolution
		SolutionGuid = {324FD3C2-679A-40ED-9FC5-77CF69F26C8B}
	EndGlobalSection
EndGlobal
